lockfileVersion: '9.0'

settings:
  autoInstallPeers: true
  excludeLinksFromLockfile: false

importers:

  .:
    dependencies:
      '@vvo/tzdb':
        specifier: ^6.145.0
        version: 6.145.0
      parse-zonetab:
        specifier: ^1.0.0
        version: 1.0.0

packages:

  '@vvo/tzdb@6.145.0':
    resolution: {integrity: sha512-X3DTmeEzsZi/ZkYXofW04t1bFInYUk6SJBuNWPvV9wjCp9fI2C2n6OTDT9+YLKCJTosolMx1YKZWMJQykJerPQ==}

  buffer-alloc-unsafe@1.1.0:
    resolution: {integrity: sha512-TEM2iMIEQdJ2yjPJoSIsldnleVaAk1oW3DBVUykyOLsEsFmEc9kn+SFFPz+gl54KQNxlDnAwCXosOS9Okx2xAg==}

  buffer-alloc@1.2.0:
    resolution: {integrity: sha512-CFsHQgjtW1UChdXgbyJGtnm+O/uLQeZdtbDo8mfUgYXCHSM1wgrVxXm6bSyrUuErEb+4sYVGCzASBRot7zyrow==}

  buffer-fill@1.0.0:
    resolution: {integrity: sha512-T7zexNBwiiaCOGDg9xNX9PBmjrubblRkENuptryuI64URkXDFum9il/JGL8Lm8wYfAXpredVXXZz7eMHilimiQ==}

  buffer-from@1.1.2:
    resolution: {integrity: sha512-E+XQCRwSbaaiChtv6k6Dwgc+bx+Bs6vuKJHHl5kox/BaKbhiXzqQOwK4cO22yElGp2OCmjwVhT3HmxgyPGnJfQ==}

  core-util-is@1.0.3:
    resolution: {integrity: sha512-ZQBvi1DcpJ4GDqanjucZ2Hj3wEO5pZDS89BWbkcrvdxksJorwUDDZamX9ldFkp9aw2lmBDLgkObEA4DWNJ9FYQ==}

  csv-parser@1.12.1:
    resolution: {integrity: sha512-r45M92nLnGP246ot0Yo5RvbiiMF5Bw/OTIdWJ3OQ4Vbv4hpOeoXVIPxdSmUw+fPJlQOseY+iigJyLSfPMIrddQ==}
    hasBin: true

  from2@2.3.0:
    resolution: {integrity: sha512-OMcX/4IC/uqEPVgGeyfN22LJk6AZrMkRZHxcHBMBvHScDGgwTm2GT2Wkgtocyd3JfZffjj2kYUDXXII0Fk9W0g==}

  generate-function@1.1.0:
    resolution: {integrity: sha512-Wv4qgYgt2m9QH7K+jklCX/o4gn1ijnS4nT+nxPYBbhdqZLDLtvNh2o26KP/nxN42Tk6AnrGftCLzjiMuckZeQw==}

  generate-object-property@1.2.0:
    resolution: {integrity: sha512-TuOwZWgJ2VAMEGJvAyPWvpqxSANF0LDpmyHauMjFYzaACvn+QTT/AZomvPCzVBV7yDN3OmwHQ5OvHaeLKre3JQ==}

  get-stream@2.3.1:
    resolution: {integrity: sha512-AUGhbbemXxrZJRD5cDvKtQxLuYaIbNtDTK8YqupCI393Q2KSTreEsLUN3ZxAWFGiKTzL6nKuzfcIvieflUX9qA==}
    engines: {node: '>=0.10.0'}

  inherits@2.0.4:
    resolution: {integrity: sha512-k/vGaX4/Yla3WzyMCvTQOXYeIHvqOKtnqBduzTHpzpQZzAskKMhZ2K+EnBiSM9zGSoIFeMpXKxa4dYeZIQqewQ==}

  into-stream@2.0.1:
    resolution: {integrity: sha512-7EHX+bSqaYHfWnrREpeGUKO6ox5tW6NgziFx7cZqxBZ3RNRir9cnPCDvJNjrROLP6guznhxMkyus0sK2qQzhrQ==}
    engines: {node: '>=0.10.0'}

  is-property@1.0.2:
    resolution: {integrity: sha512-Ks/IoX00TtClbGQr4TWXemAnktAQvYB7HzcCxDGqEZU6oCmb2INHuOoKxbtR+HFkmYWBKv/dOZtGRiAjDhj92g==}

  isarray@1.0.0:
    resolution: {integrity: sha512-VLghIWNM6ELQzo7zwmcg0NmTVyWKYjvIeM83yjp0wRDTmUnrM678fQbcKBo6n2CJEF0szoG//ytg+TKla89ALQ==}

  json-stringify-safe@5.0.1:
    resolution: {integrity: sha512-ZClg6AaYvamvYEE82d3Iyd3vSSIjQ+odgjaTzRuO3s7toCdFKczob2i0zCh7JE8kWn17yvAWhUVxvqGwUalsRA==}

  minimist@1.2.8:
    resolution: {integrity: sha512-2yyAR8qBkN3YuheJanUpWC5U3bb5osDywNB8RzDVlDwDHbocAJveqqj1u8+SVD7jkWT4yvsHCpWqqWqAxb0zCA==}

  ndjson@1.5.0:
    resolution: {integrity: sha512-hUPLuaziboGjNF7wHngkgVc0FOclR8dDk/HfEvTtDr/iUrqBWiRcRSTK3/nLOqKH33th714BrMmTPtObI9gZxQ==}
    hasBin: true

  neat-csv@2.1.0:
    resolution: {integrity: sha512-SRzLDeOV/RKF5Em08QWEEbfceBMTl9f+zkqupMqDbEa19ieeQ7UKz42mQBj6zNQaCC4u7uauG4dF8aUOWTnZ8w==}
    engines: {node: '>=4'}

  object-assign@4.1.1:
    resolution: {integrity: sha512-rJgTQnkUnH1sFw8yT6VSU3zD3sWmu6sZhIseY8VX+GRu3P6F7Fu+JNDoXfklElbLJSnc3FUQHVe4cU5hj+BcUg==}
    engines: {node: '>=0.10.0'}

  parse-tzdata-coordinate@1.0.0:
    resolution: {integrity: sha512-tOMA7VKqvet2iz7xhHigDbZ4jfaH0TRK9g7c3GqXKz/7LMZRfhpokv+kVozNUbakDJlBoxnYgnPQXdD5PRQlQg==}

  parse-zonetab@1.0.0:
    resolution: {integrity: sha512-Z4eFrjSFX6jp9NdEioskpN/3cp7vkvFHUmoNyu4r9/Bi/O81w6Tl+cR9G6Td79rWcC0sGulWodr24wFga3XmXA==}

  pinkie-promise@2.0.1:
    resolution: {integrity: sha512-0Gni6D4UcLTbv9c57DfxDGdr41XfgUjqWZu492f0cIGr16zDU06BWP/RAEvOuo7CQ0CNjHaLlM59YJJFm3NWlw==}
    engines: {node: '>=0.10.0'}

  pinkie@2.0.4:
    resolution: {integrity: sha512-MnUuEycAemtSaeFSjXKW/aroV7akBbY+Sv+RkyqFjgAe73F+MR0TBWKBRDkmfWq/HiFmdavfZ1G7h4SPZXaCSg==}
    engines: {node: '>=0.10.0'}

  process-nextick-args@2.0.1:
    resolution: {integrity: sha512-3ouUOpQhtgrbOa17J7+uxOTpITYWaGP7/AhoR3+A+/1e9skrzelGi/dXzEYyvbxubEF6Wn2ypscTKiKJFFn1ag==}

  readable-stream@2.3.8:
    resolution: {integrity: sha512-8p0AUk4XODgIewSi0l8Epjs+EVnWiK7NoDIEGU0HhE7+ZyY8D1IMY7odu5lRrFXGg71L15KG8QrPmum45RTtdA==}

  safe-buffer@5.1.2:
    resolution: {integrity: sha512-Gd2UZBJDkXlY7GbJxfsE8/nvKkUEU1G38c1siN6QP6a9PT9MmHB8GnpscSmMJSoF8LOIrt8ud/wPtojys4G6+g==}

  split2@2.2.0:
    resolution: {integrity: sha512-RAb22TG39LhI31MbreBgIuKiIKhVsawfTgEGqKHTK87aG+ul/PB8Sqoi3I7kVdRWiCfrKxK3uo4/YUkpNvhPbw==}

  string_decoder@1.1.1:
    resolution: {integrity: sha512-n/ShnvDi6FHbbVfviro+WojiFzv+s8MPMHBczVePfUpDJLwoLT0ht1l4YwBCbi8pJAveEEdnkHyPyTP/mzRfwg==}

  through2@2.0.5:
    resolution: {integrity: sha512-/mrRod8xqpA+IHSLyGCQ2s8SPHiCDEeQJSep1jqLYeEUClOFG2Qsh+4FU6G9VeqpZnGW/Su8LQGc4YKni5rYSQ==}

  to-fast-properties@1.0.3:
    resolution: {integrity: sha512-lxrWP8ejsq+7E3nNjwYmUBMAgjMTZoTI+sdBOpvNyijeDLa29LUn9QaoXAHv4+Z578hbmHHJKZknzxVtvo77og==}
    engines: {node: '>=0.10.0'}

  tzdata-coordinate-regex@1.0.1:
    resolution: {integrity: sha512-l0DhGEeT+kGfw4BkPsXe3SeOrLaX0MW0UScrBuNZXuMJHdRuD14BqK5WCMFy/4v+Pp2ILhRmiZeQ+pCH42+v/w==}

  util-deprecate@1.0.2:
    resolution: {integrity: sha512-EPD5q1uXyFxJpCrLnCc1nHnq3gOa6DZBocAIiI2TaSCA7VCJ1UJDMagCzIkXNsUYfD1daK//LTEQ8xiIbrHtcw==}

  xtend@4.0.2:
    resolution: {integrity: sha512-LKYU1iAXJXUgAXn9URjiu+MWhyUXHsvfp7mcuYm9dSUKK0/CjtrUwFAxD82/mCWbtLsGjFIad0wIsod4zrTAEQ==}
    engines: {node: '>=0.4'}

snapshots:

  '@vvo/tzdb@6.145.0': {}

  buffer-alloc-unsafe@1.1.0: {}

  buffer-alloc@1.2.0:
    dependencies:
      buffer-alloc-unsafe: 1.1.0
      buffer-fill: 1.0.0

  buffer-fill@1.0.0: {}

  buffer-from@1.1.2: {}

  core-util-is@1.0.3: {}

  csv-parser@1.12.1:
    dependencies:
      buffer-alloc: 1.2.0
      buffer-from: 1.1.2
      generate-function: 1.1.0
      generate-object-property: 1.2.0
      inherits: 2.0.4
      minimist: 1.2.8
      ndjson: 1.5.0

  from2@2.3.0:
    dependencies:
      inherits: 2.0.4
      readable-stream: 2.3.8

  generate-function@1.1.0: {}

  generate-object-property@1.2.0:
    dependencies:
      is-property: 1.0.2

  get-stream@2.3.1:
    dependencies:
      object-assign: 4.1.1
      pinkie-promise: 2.0.1

  inherits@2.0.4: {}

  into-stream@2.0.1:
    dependencies:
      from2: 2.3.0

  is-property@1.0.2: {}

  isarray@1.0.0: {}

  json-stringify-safe@5.0.1: {}

  minimist@1.2.8: {}

  ndjson@1.5.0:
    dependencies:
      json-stringify-safe: 5.0.1
      minimist: 1.2.8
      split2: 2.2.0
      through2: 2.0.5

  neat-csv@2.1.0:
    dependencies:
      csv-parser: 1.12.1
      get-stream: 2.3.1
      into-stream: 2.0.1

  object-assign@4.1.1: {}

  parse-tzdata-coordinate@1.0.0:
    dependencies:
      tzdata-coordinate-regex: 1.0.1

  parse-zonetab@1.0.0:
    dependencies:
      neat-csv: 2.1.0
      parse-tzdata-coordinate: 1.0.0
      to-fast-properties: 1.0.3

  pinkie-promise@2.0.1:
    dependencies:
      pinkie: 2.0.4

  pinkie@2.0.4: {}

  process-nextick-args@2.0.1: {}

  readable-stream@2.3.8:
    dependencies:
      core-util-is: 1.0.3
      inherits: 2.0.4
      isarray: 1.0.0
      process-nextick-args: 2.0.1
      safe-buffer: 5.1.2
      string_decoder: 1.1.1
      util-deprecate: 1.0.2

  safe-buffer@5.1.2: {}

  split2@2.2.0:
    dependencies:
      through2: 2.0.5

  string_decoder@1.1.1:
    dependencies:
      safe-buffer: 5.1.2

  through2@2.0.5:
    dependencies:
      readable-stream: 2.3.8
      xtend: 4.0.2

  to-fast-properties@1.0.3: {}

  tzdata-coordinate-regex@1.0.1: {}

  util-deprecate@1.0.2: {}

  xtend@4.0.2: {}
